
Microsoft Visual Studio Solution File, Format Version 12.00
# Visual Studio Version 17
VisualStudioVersion = 17.6.33717.318
MinimumVisualStudioVersion = 10.0.40219.1
Project("{FAE04EC0-301F-11D3-BF4B-00C04F79EFBC}") = "TestApp", "TestApp\TestApp.csproj", "{9A0FF35C-8309-4610-98EE-A53A84B83783}"
EndProject
Global
	GlobalSection(SolutionConfigurationPlatforms) = preSolution
		Debug|Any CPU = Debug|Any CPU
		Release|Any CPU = Release|Any CPU
	EndGlobalSection
	GlobalSection(ProjectConfigurationPlatforms) = postSolution
		{9A0FF35C-8309-4610-98EE-A53A84B83783}.Debug|Any CPU.ActiveCfg = Debug|Any CPU
		{9A0FF35C-8309-4610-98EE-A53A84B83783}.Debug|Any CPU.Build.0 = Debug|Any CPU
		{9A0FF35C-8309-4610-98EE-A53A84B83783}.Release|Any CPU.ActiveCfg = Release|Any CPU
		{9A0FF35C-8309-4610-98EE-A53A84B83783}.Release|Any CPU.Build.0 = Release|Any CPU
	EndGlobalSection
	GlobalSection(SolutionProperties) = preSolution
		HideSolutionNode = FALSE
	EndGlobalSection
	GlobalSection(ExtensibilityGlobals) = postSolution
		SolutionGuid = {3334DD82-8456-4123-BA4A-AA869470E0FA}
	EndGlobalSection
EndGlobal
